
Microsoft Visual Studio Solution File, Format Version 12.00
# Visual Studio Version 17
VisualStudioVersion = 17.10.35013.160
MinimumVisualStudioVersion = 10.0.40219.1
Project("{FAE04EC0-301F-11D3-BF4B-00C04F79EFBC}") = "THT_First_Circle", "THT_First_Circle\THT_First_Circle.csproj", "{5FD08728-5B28-441B-861C-3C4897006E47}"
EndProject
Global
	GlobalSection(SolutionConfigurationPlatforms) = preSolution
		Debug|Any CPU = Debug|Any CPU
		Release|Any CPU = Release|Any CPU
	EndGlobalSection
	GlobalSection(ProjectConfigurationPlatforms) = postSolution
		{5FD08728-5B28-441B-861C-3C4897006E47}.Debug|Any CPU.ActiveCfg = Debug|Any CPU
		{5FD08728-5B28-441B-861C-3C4897006E47}.Debug|Any CPU.Build.0 = Debug|Any CPU
		{5FD08728-5B28-441B-861C-3C4897006E47}.Release|Any CPU.ActiveCfg = Release|Any CPU
		{5FD08728-5B28-441B-861C-3C4897006E47}.Release|Any CPU.Build.0 = Release|Any CPU
	EndGlobalSection
	GlobalSection(SolutionProperties) = preSolution
		HideSolutionNode = FALSE
	EndGlobalSection
	GlobalSection(ExtensibilityGlobals) = postSolution
		SolutionGuid = {061B1C0A-36CB-4652-91E6-D80723757AE9}
	EndGlobalSection
EndGlobal
